
Microsoft Visual Studio Solution File, Format Version 12.00
# Visual Studio Version 16
VisualStudioVersion = 16.0.31205.134
MinimumVisualStudioVersion = 10.0.40219.1
Project("{FAE04EC0-301F-11D3-BF4B-00C04F79EFBC}") = "Accelerate.DataAccessLayer", "Accelerate.DataAccessLayer\Accelerate.DataAccessLayer.csproj", "{24547475-7836-4EA6-9814-017E47FFB1FB}"
EndProject
Project("{FAE04EC0-301F-11D3-BF4B-00C04F79EFBC}") = "Accelerate.ConsoleApp", "Accelerate.ConsoleApp\Accelerate.ConsoleApp.csproj", "{51467124-6AD3-4EA3-B065-378FD62F3B3B}"
EndProject
Global
	GlobalSection(SolutionConfigurationPlatforms) = preSolution
		Debug|Any CPU = Debug|Any CPU
		Release|Any CPU = Release|Any CPU
	EndGlobalSection
	GlobalSection(ProjectConfigurationPlatforms) = postSolution
		{24547475-7836-4EA6-9814-017E47FFB1FB}.Debug|Any CPU.ActiveCfg = Debug|Any CPU
		{24547475-7836-4EA6-9814-017E47FFB1FB}.Debug|Any CPU.Build.0 = Debug|Any CPU
		{24547475-7836-4EA6-9814-017E47FFB1FB}.Release|Any CPU.ActiveCfg = Release|Any CPU
		{24547475-7836-4EA6-9814-017E47FFB1FB}.Release|Any CPU.Build.0 = Release|Any CPU
		{51467124-6AD3-4EA3-B065-378FD62F3B3B}.Debug|Any CPU.ActiveCfg = Debug|Any CPU
		{51467124-6AD3-4EA3-B065-378FD62F3B3B}.Debug|Any CPU.Build.0 = Debug|Any CPU
		{51467124-6AD3-4EA3-B065-378FD62F3B3B}.Release|Any CPU.ActiveCfg = Release|Any CPU
		{51467124-6AD3-4EA3-B065-378FD62F3B3B}.Release|Any CPU.Build.0 = Release|Any CPU
	EndGlobalSection
	GlobalSection(SolutionProperties) = preSolution
		HideSolutionNode = FALSE
	EndGlobalSection
	GlobalSection(ExtensibilityGlobals) = postSolution
		SolutionGuid = {33CDE18B-C854-4BCE-962E-9F65219CBF72}
	EndGlobalSection
EndGlobal
